// !$*UTF8*$!
{
	archiveVersion = 1;
	classes = {
	};
	objectVersion = 56;
	objects = {

/* Begin PBXBuildFile section */
		18789EDE2A6E6044007BEEC2 /* AppDelegate.swift in Sources */ = {isa = PBXBuildFile; fileRef = 18789EDD2A6E6044007BEEC2 /* AppDelegate.swift */; };
		18789EE02A6E6044007BEEC2 /* SceneDelegate.swift in Sources */ = {isa = PBXBuildFile; fileRef = 18789EDF2A6E6044007BEEC2 /* SceneDelegate.swift */; };
		18789EE72A6E6045007BEEC2 /* Assets.xcassets in Resources */ = {isa = PBXBuildFile; fileRef = 18789EE62A6E6045007BEEC2 /* Assets.xcassets */; };
		18789EEA2A6E6045007BEEC2 /* LaunchScreen.storyboard in Resources */ = {isa = PBXBuildFile; fileRef = 18789EE82A6E6045007BEEC2 /* LaunchScreen.storyboard */; };
		18789EF62A6E6751007BEEC2 /* LoginVC.swift in Sources */ = {isa = PBXBuildFile; fileRef = 18789EF52A6E6751007BEEC2 /* LoginVC.swift */; };
		189B64172A7128C100EB89C2 /* MyTabularClassifier.mlmodel in Sources */ = {isa = PBXBuildFile; fileRef = 189B64162A7128C100EB89C2 /* MyTabularClassifier.mlmodel */; };
		189B641B2A712D5500EB89C2 /* StarRatingView.swift in Sources */ = {isa = PBXBuildFile; fileRef = 189B641A2A712D5500EB89C2 /* StarRatingView.swift */; };
		189B641E2A7151A400EB89C2 /* Extension+String.swift in Sources */ = {isa = PBXBuildFile; fileRef = 189B641D2A7151A400EB89C2 /* Extension+String.swift */; };
		189B64212A71529000EB89C2 /* HomeViewModelML.swift in Sources */ = {isa = PBXBuildFile; fileRef = 189B64202A71529000EB89C2 /* HomeViewModelML.swift */; };
		189B64242A7154BB00EB89C2 /* StaticHomeVC.swift in Sources */ = {isa = PBXBuildFile; fileRef = 189B64232A7154BB00EB89C2 /* StaticHomeVC.swift */; };
		189B64262A7159AC00EB89C2 /* HomeVCLabel.swift in Sources */ = {isa = PBXBuildFile; fileRef = 189B64252A7159AC00EB89C2 /* HomeVCLabel.swift */; };
		18B5878C2A6EC96C002815B5 /* InterestCollectionViewCell.swift in Sources */ = {isa = PBXBuildFile; fileRef = 18B5878B2A6EC96C002815B5 /* InterestCollectionViewCell.swift */; };
		18B5878F2A6FAE34002815B5 /* MultiSlider in Frameworks */ = {isa = PBXBuildFile; productRef = 18B5878E2A6FAE34002815B5 /* MultiSlider */; };
		18B587922A6FB219002815B5 /* RecommendationViewController.swift in Sources */ = {isa = PBXBuildFile; fileRef = 18B587912A6FB219002815B5 /* RecommendationViewController.swift */; };
		18EEA37F2A6E7C7800355343 /* LoginButton.swift in Sources */ = {isa = PBXBuildFile; fileRef = 18EEA37E2A6E7C7800355343 /* LoginButton.swift */; };
		18EEA3812A6E7C8B00355343 /* LoginAndPasswordTextField.swift in Sources */ = {isa = PBXBuildFile; fileRef = 18EEA3802A6E7C8B00355343 /* LoginAndPasswordTextField.swift */; };
		18EEA3852A6E7F3300355343 /* ImageBall.swift in Sources */ = {isa = PBXBuildFile; fileRef = 18EEA3842A6E7F3300355343 /* ImageBall.swift */; };
		18EEA3962A6E856200355343 /* RegisterViewController.swift in Sources */ = {isa = PBXBuildFile; fileRef = 18EEA3952A6E856200355343 /* RegisterViewController.swift */; };
		18EEA3992A6E881000355343 /* RegisterUILabel.swift in Sources */ = {isa = PBXBuildFile; fileRef = 18EEA3982A6E881000355343 /* RegisterUILabel.swift */; };
		18EEA39C2A6E8C2D00355343 /* RegisterViewModel.swift in Sources */ = {isa = PBXBuildFile; fileRef = 18EEA39B2A6E8C2D00355343 /* RegisterViewModel.swift */; };
		18EEA39F2A6E8F2E00355343 /* AlertHelper.swift in Sources */ = {isa = PBXBuildFile; fileRef = 18EEA39E2A6E8F2E00355343 /* AlertHelper.swift */; };
		18EEA3A22A6E90DF00355343 /* LoginViewModel.swift in Sources */ = {isa = PBXBuildFile; fileRef = 18EEA3A12A6E90DF00355343 /* LoginViewModel.swift */; };
		18EEA3A62A6E947500355343 /* RealmModelUsers.swift in Sources */ = {isa = PBXBuildFile; fileRef = 18EEA3A52A6E947500355343 /* RealmModelUsers.swift */; };
		18EEA3A92A6E9F2F00355343 /* Realm in Frameworks */ = {isa = PBXBuildFile; productRef = 18EEA3A82A6E9F2F00355343 /* Realm */; };
		18EEA3AB2A6E9F2F00355343 /* RealmSwift in Frameworks */ = {isa = PBXBuildFile; productRef = 18EEA3AA2A6E9F2F00355343 /* RealmSwift */; };
		18EEA3AF2A6E9FC000355343 /* RealmManager.swift in Sources */ = {isa = PBXBuildFile; fileRef = 18EEA3AE2A6E9FC000355343 /* RealmManager.swift */; };
		18EEA3B12A6EA5B000355343 /* RealmRegisterViewModel.swift in Sources */ = {isa = PBXBuildFile; fileRef = 18EEA3B02A6EA5B000355343 /* RealmRegisterViewModel.swift */; };
		18EEA3B42A6EA65A00355343 /* HomeViewController.swift in Sources */ = {isa = PBXBuildFile; fileRef = 18EEA3B32A6EA65A00355343 /* HomeViewController.swift */; };
		18EEA3B62A6EB7F000355343 /* RealmLoginViewModel.swift in Sources */ = {isa = PBXBuildFile; fileRef = 18EEA3B52A6EB7F000355343 /* RealmLoginViewModel.swift */; };
/* End PBXBuildFile section */

/* Begin PBXFileReference section */
		18789EDA2A6E6044007BEEC2 /* TravelWise.app */ = {isa = PBXFileReference; explicitFileType = wrapper.application; includeInIndex = 0; path = TravelWise.app; sourceTree = BUILT_PRODUCTS_DIR; };
		18789EDD2A6E6044007BEEC2 /* AppDelegate.swift */ = {isa = PBXFileReference; lastKnownFileType = sourcecode.swift; path = AppDelegate.swift; sourceTree = "<group>"; };
		18789EDF2A6E6044007BEEC2 /* SceneDelegate.swift */ = {isa = PBXFileReference; lastKnownFileType = sourcecode.swift; path = SceneDelegate.swift; sourceTree = "<group>"; };
		18789EE62A6E6045007BEEC2 /* Assets.xcassets */ = {isa = PBXFileReference; lastKnownFileType = folder.assetcatalog; path = Assets.xcassets; sourceTree = "<group>"; };
		18789EE92A6E6045007BEEC2 /* Base */ = {isa = PBXFileReference; lastKnownFileType = file.storyboard; name = Base; path = Base.lproj/LaunchScreen.storyboard; sourceTree = "<group>"; };
		18789EEB2A6E6045007BEEC2 /* Info.plist */ = {isa = PBXFileReference; lastKnownFileType = text.plist.xml; path = Info.plist; sourceTree = "<group>"; };
		18789EF52A6E6751007BEEC2 /* LoginVC.swift */ = {isa = PBXFileReference; lastKnownFileType = sourcecode.swift; path = LoginVC.swift; sourceTree = "<group>"; };
		189B64162A7128C100EB89C2 /* MyTabularClassifier.mlmodel */ = {isa = PBXFileReference; lastKnownFileType = file.mlmodel; path = MyTabularClassifier.mlmodel; sourceTree = "<group>"; };
		189B641A2A712D5500EB89C2 /* StarRatingView.swift */ = {isa = PBXFileReference; lastKnownFileType = sourcecode.swift; path = StarRatingView.swift; sourceTree = "<group>"; };
		189B641D2A7151A400EB89C2 /* Extension+String.swift */ = {isa = PBXFileReference; lastKnownFileType = sourcecode.swift; path = "Extension+String.swift"; sourceTree = "<group>"; };
		189B64202A71529000EB89C2 /* HomeViewModelML.swift */ = {isa = PBXFileReference; lastKnownFileType = sourcecode.swift; path = HomeViewModelML.swift; sourceTree = "<group>"; };
		189B64232A7154BB00EB89C2 /* StaticHomeVC.swift */ = {isa = PBXFileReference; lastKnownFileType = sourcecode.swift; path = StaticHomeVC.swift; sourceTree = "<group>"; };
		189B64252A7159AC00EB89C2 /* HomeVCLabel.swift */ = {isa = PBXFileReference; lastKnownFileType = sourcecode.swift; path = HomeVCLabel.swift; sourceTree = "<group>"; };
		18B5878B2A6EC96C002815B5 /* InterestCollectionViewCell.swift */ = {isa = PBXFileReference; lastKnownFileType = sourcecode.swift; path = InterestCollectionViewCell.swift; sourceTree = "<group>"; };
		18B587912A6FB219002815B5 /* RecommendationViewController.swift */ = {isa = PBXFileReference; lastKnownFileType = sourcecode.swift; path = RecommendationViewController.swift; sourceTree = "<group>"; };
		18EEA37E2A6E7C7800355343 /* LoginButton.swift */ = {isa = PBXFileReference; lastKnownFileType = sourcecode.swift; path = LoginButton.swift; sourceTree = "<group>"; };
		18EEA3802A6E7C8B00355343 /* LoginAndPasswordTextField.swift */ = {isa = PBXFileReference; lastKnownFileType = sourcecode.swift; path = LoginAndPasswordTextField.swift; sourceTree = "<group>"; };
		18EEA3842A6E7F3300355343 /* ImageBall.swift */ = {isa = PBXFileReference; lastKnownFileType = sourcecode.swift; path = ImageBall.swift; sourceTree = "<group>"; };
		18EEA3952A6E856200355343 /* RegisterViewController.swift */ = {isa = PBXFileReference; lastKnownFileType = sourcecode.swift; path = RegisterViewController.swift; sourceTree = "<group>"; };
		18EEA3982A6E881000355343 /* RegisterUILabel.swift */ = {isa = PBXFileReference; lastKnownFileType = sourcecode.swift; path = RegisterUILabel.swift; sourceTree = "<group>"; };
		18EEA39B2A6E8C2D00355343 /* RegisterViewModel.swift */ = {isa = PBXFileReference; lastKnownFileType = sourcecode.swift; path = RegisterViewModel.swift; sourceTree = "<group>"; };
		18EEA39E2A6E8F2E00355343 /* AlertHelper.swift */ = {isa = PBXFileReference; lastKnownFileType = sourcecode.swift; path = AlertHelper.swift; sourceTree = "<group>"; };
		18EEA3A12A6E90DF00355343 /* LoginViewModel.swift */ = {isa = PBXFileReference; lastKnownFileType = sourcecode.swift; path = LoginViewModel.swift; sourceTree = "<group>"; };
		18EEA3A52A6E947500355343 /* RealmModelUsers.swift */ = {isa = PBXFileReference; lastKnownFileType = sourcecode.swift; path = RealmModelUsers.swift; sourceTree = "<group>"; };
		18EEA3AE2A6E9FC000355343 /* RealmManager.swift */ = {isa = PBXFileReference; lastKnownFileType = sourcecode.swift; path = RealmManager.swift; sourceTree = "<group>"; };
		18EEA3B02A6EA5B000355343 /* RealmRegisterViewModel.swift */ = {isa = PBXFileReference; lastKnownFileType = sourcecode.swift; path = RealmRegisterViewModel.swift; sourceTree = "<group>"; };
		18EEA3B32A6EA65A00355343 /* HomeViewController.swift */ = {isa = PBXFileReference; lastKnownFileType = sourcecode.swift; path = HomeViewController.swift; sourceTree = "<group>"; };
		18EEA3B52A6EB7F000355343 /* RealmLoginViewModel.swift */ = {isa = PBXFileReference; lastKnownFileType = sourcecode.swift; path = RealmLoginViewModel.swift; sourceTree = "<group>"; };
/* End PBXFileReference section */

/* Begin PBXFrameworksBuildPhase section */
		18789ED72A6E6044007BEEC2 /* Frameworks */ = {
			isa = PBXFrameworksBuildPhase;
			buildActionMask = 2147483647;
			files = (
				18EEA3AB2A6E9F2F00355343 /* RealmSwift in Frameworks */,
				18B5878F2A6FAE34002815B5 /* MultiSlider in Frameworks */,
				18EEA3A92A6E9F2F00355343 /* Realm in Frameworks */,
			);
			runOnlyForDeploymentPostprocessing = 0;
		};
/* End PBXFrameworksBuildPhase section */

/* Begin PBXGroup section */
		18789ED12A6E6044007BEEC2 = {
			isa = PBXGroup;
			children = (
				18789EDC2A6E6044007BEEC2 /* TravelWise */,
				18789EDB2A6E6044007BEEC2 /* Products */,
			);
			sourceTree = "<group>";
		};
		18789EDB2A6E6044007BEEC2 /* Products */ = {
			isa = PBXGroup;
			children = (
				18789EDA2A6E6044007BEEC2 /* TravelWise.app */,
			);
			name = Products;
			sourceTree = "<group>";
		};
		18789EDC2A6E6044007BEEC2 /* TravelWise */ = {
			isa = PBXGroup;
			children = (
				189B641C2A71518900EB89C2 /* Extension */,
				18EEA37B2A6E7C2800355343 /* DesignSystem */,
				18EEA3AD2A6E9FAD00355343 /* RealmManager */,
				18EEA3A42A6E945F00355343 /* ModelUsers */,
				18789EF32A6E66B2007BEEC2 /* App */,
				18789EF12A6E6666007BEEC2 /* Controllers */,
				18789EF42A6E66BB007BEEC2 /* Support */,
				18789EEB2A6E6045007BEEC2 /* Info.plist */,
				189B64162A7128C100EB89C2 /* MyTabularClassifier.mlmodel */,
			);
			path = TravelWise;
			sourceTree = "<group>";
		};
		18789EF12A6E6666007BEEC2 /* Controllers */ = {
			isa = PBXGroup;
			children = (
				18B587902A6FB1F1002815B5 /* RecommendationVC */,
				18EEA3B22A6EA64200355343 /* HomeVC */,
				18EEA3942A6E854C00355343 /* RegisterVC */,
				18789EF72A6E69D9007BEEC2 /* LoginVC */,
			);
			path = Controllers;
			sourceTree = "<group>";
		};
		18789EF32A6E66B2007BEEC2 /* App */ = {
			isa = PBXGroup;
			children = (
				18789EDD2A6E6044007BEEC2 /* AppDelegate.swift */,
				18789EDF2A6E6044007BEEC2 /* SceneDelegate.swift */,
			);
			path = App;
			sourceTree = "<group>";
		};
		18789EF42A6E66BB007BEEC2 /* Support */ = {
			isa = PBXGroup;
			children = (
				18789EE82A6E6045007BEEC2 /* LaunchScreen.storyboard */,
				18789EE62A6E6045007BEEC2 /* Assets.xcassets */,
			);
			path = Support;
			sourceTree = "<group>";
		};
		18789EF72A6E69D9007BEEC2 /* LoginVC */ = {
			isa = PBXGroup;
			children = (
				18EEA3A02A6E90C700355343 /* LoginViewModel */,
				18789EF52A6E6751007BEEC2 /* LoginVC.swift */,
			);
			path = LoginVC;
			sourceTree = "<group>";
		};
		189B64192A712D3F00EB89C2 /* StarRatingView */ = {
			isa = PBXGroup;
			children = (
				189B641A2A712D5500EB89C2 /* StarRatingView.swift */,
			);
			path = StarRatingView;
			sourceTree = "<group>";
		};
		189B641C2A71518900EB89C2 /* Extension */ = {
			isa = PBXGroup;
			children = (
				189B641D2A7151A400EB89C2 /* Extension+String.swift */,
			);
			path = Extension;
			sourceTree = "<group>";
		};
		189B641F2A71523600EB89C2 /* ViewModel */ = {
			isa = PBXGroup;
			children = (
				189B64202A71529000EB89C2 /* HomeViewModelML.swift */,
			);
			path = ViewModel;
			sourceTree = "<group>";
		};
		189B64222A7154A900EB89C2 /* Static */ = {
			isa = PBXGroup;
			children = (
				189B64232A7154BB00EB89C2 /* StaticHomeVC.swift */,
			);
			path = Static;
			sourceTree = "<group>";
		};
		18B5878A2A6EC94B002815B5 /* CollectionCell */ = {
			isa = PBXGroup;
			children = (
				18B5878B2A6EC96C002815B5 /* InterestCollectionViewCell.swift */,
			);
			path = CollectionCell;
			sourceTree = "<group>";
		};
		18B587902A6FB1F1002815B5 /* RecommendationVC */ = {
			isa = PBXGroup;
			children = (
				18B587912A6FB219002815B5 /* RecommendationViewController.swift */,
			);
			path = RecommendationVC;
			sourceTree = "<group>";
		};
		18EEA37B2A6E7C2800355343 /* DesignSystem */ = {
			isa = PBXGroup;
			children = (
				189B64192A712D3F00EB89C2 /* StarRatingView */,
				18EEA39D2A6E8F0D00355343 /* UIAlertController */,
				18EEA3972A6E87F500355343 /* UILabel */,
				18EEA3822A6E7ED800355343 /* UIImageView */,
				18EEA37D2A6E7C4B00355343 /* UIButton */,
				18EEA37C2A6E7C4200355343 /* UITextField */,
			);
			path = DesignSystem;
			sourceTree = "<group>";
		};
		18EEA37C2A6E7C4200355343 /* UITextField */ = {
			isa = PBXGroup;
			children = (
				18EEA3802A6E7C8B00355343 /* LoginAndPasswordTextField.swift */,
			);
			path = UITextField;
			sourceTree = "<group>";
		};
		18EEA37D2A6E7C4B00355343 /* UIButton */ = {
			isa = PBXGroup;
			children = (
				18EEA37E2A6E7C7800355343 /* LoginButton.swift */,
			);
			path = UIButton;
			sourceTree = "<group>";
		};
		18EEA3822A6E7ED800355343 /* UIImageView */ = {
			isa = PBXGroup;
			children = (
				18EEA3842A6E7F3300355343 /* ImageBall.swift */,
			);
			path = UIImageView;
			sourceTree = "<group>";
		};
		18EEA3942A6E854C00355343 /* RegisterVC */ = {
			isa = PBXGroup;
			children = (
				18EEA39A2A6E8C1A00355343 /* RegisterViewModel */,
				18EEA3952A6E856200355343 /* RegisterViewController.swift */,
			);
			path = RegisterVC;
			sourceTree = "<group>";
		};
		18EEA3972A6E87F500355343 /* UILabel */ = {
			isa = PBXGroup;
			children = (
				18EEA3982A6E881000355343 /* RegisterUILabel.swift */,
				189B64252A7159AC00EB89C2 /* HomeVCLabel.swift */,
			);
			path = UILabel;
			sourceTree = "<group>";
		};
		18EEA39A2A6E8C1A00355343 /* RegisterViewModel */ = {
			isa = PBXGroup;
			children = (
				18EEA39B2A6E8C2D00355343 /* RegisterViewModel.swift */,
				18EEA3B02A6EA5B000355343 /* RealmRegisterViewModel.swift */,
			);
			path = RegisterViewModel;
			sourceTree = "<group>";
		};
		18EEA39D2A6E8F0D00355343 /* UIAlertController */ = {
			isa = PBXGroup;
			children = (
				18EEA39E2A6E8F2E00355343 /* AlertHelper.swift */,
			);
			path = UIAlertController;
			sourceTree = "<group>";
		};
		18EEA3A02A6E90C700355343 /* LoginViewModel */ = {
			isa = PBXGroup;
			children = (
				18EEA3A12A6E90DF00355343 /* LoginViewModel.swift */,
				18EEA3B52A6EB7F000355343 /* RealmLoginViewModel.swift */,
			);
			path = LoginViewModel;
			sourceTree = "<group>";
		};
		18EEA3A42A6E945F00355343 /* ModelUsers */ = {
			isa = PBXGroup;
			children = (
				18EEA3A52A6E947500355343 /* RealmModelUsers.swift */,
			);
			path = ModelUsers;
			sourceTree = "<group>";
		};
		18EEA3AD2A6E9FAD00355343 /* RealmManager */ = {
			isa = PBXGroup;
			children = (
				18EEA3AE2A6E9FC000355343 /* RealmManager.swift */,
			);
			path = RealmManager;
			sourceTree = "<group>";
		};
		18EEA3B22A6EA64200355343 /* HomeVC */ = {
			isa = PBXGroup;
			children = (
				189B64222A7154A900EB89C2 /* Static */,
				189B641F2A71523600EB89C2 /* ViewModel */,
				18B5878A2A6EC94B002815B5 /* CollectionCell */,
				18EEA3B32A6EA65A00355343 /* HomeViewController.swift */,
			);
			path = HomeVC;
			sourceTree = "<group>";
		};
/* End PBXGroup section */

/* Begin PBXNativeTarget section */
		18789ED92A6E6044007BEEC2 /* TravelWise */ = {
			isa = PBXNativeTarget;
			buildConfigurationList = 18789EEE2A6E6045007BEEC2 /* Build configuration list for PBXNativeTarget "TravelWise" */;
			buildPhases = (
				18789ED62A6E6044007BEEC2 /* Sources */,
				18789ED72A6E6044007BEEC2 /* Frameworks */,
				18789ED82A6E6044007BEEC2 /* Resources */,
			);
			buildRules = (
			);
			dependencies = (
			);
			name = TravelWise;
			packageProductDependencies = (
				18EEA3A82A6E9F2F00355343 /* Realm */,
				18EEA3AA2A6E9F2F00355343 /* RealmSwift */,
				18B5878E2A6FAE34002815B5 /* MultiSlider */,
			);
			productName = TravelWise;
			productReference = 18789EDA2A6E6044007BEEC2 /* TravelWise.app */;
			productType = "com.apple.product-type.application";
		};
/* End PBXNativeTarget section */

/* Begin PBXProject section */
		18789ED22A6E6044007BEEC2 /* Project object */ = {
			isa = PBXProject;
			attributes = {
				BuildIndependentTargetsInParallel = 1;
				LastSwiftUpdateCheck = 1430;
				LastUpgradeCheck = 1430;
				TargetAttributes = {
					18789ED92A6E6044007BEEC2 = {
						CreatedOnToolsVersion = 14.3;
					};
				};
			};
			buildConfigurationList = 18789ED52A6E6044007BEEC2 /* Build configuration list for PBXProject "TravelWise" */;
			compatibilityVersion = "Xcode 14.0";
			developmentRegion = en;
			hasScannedForEncodings = 0;
			knownRegions = (
				en,
				Base,
			);
			mainGroup = 18789ED12A6E6044007BEEC2;
			packageReferences = (
				18EEA3A72A6E9F2F00355343 /* XCRemoteSwiftPackageReference "realm-swift" */,
				18B5878D2A6FAE34002815B5 /* XCRemoteSwiftPackageReference "MultiSlider" */,
			);
			productRefGroup = 18789EDB2A6E6044007BEEC2 /* Products */;
			projectDirPath = "";
			projectRoot = "";
			targets = (
				18789ED92A6E6044007BEEC2 /* TravelWise */,
			);
		};
/* End PBXProject section */

/* Begin PBXResourcesBuildPhase section */
		18789ED82A6E6044007BEEC2 /* Resources */ = {
			isa = PBXResourcesBuildPhase;
			buildActionMask = 2147483647;
			files = (
				18789EEA2A6E6045007BEEC2 /* LaunchScreen.storyboard in Resources */,
				18789EE72A6E6045007BEEC2 /* Assets.xcassets in Resources */,
			);
			runOnlyForDeploymentPostprocessing = 0;
		};
/* End PBXResourcesBuildPhase section */

/* Begin PBXSourcesBuildPhase section */
		18789ED62A6E6044007BEEC2 /* Sources */ = {
			isa = PBXSourcesBuildPhase;
			buildActionMask = 2147483647;
			files = (
				18EEA3AF2A6E9FC000355343 /* RealmManager.swift in Sources */,
				18EEA3A62A6E947500355343 /* RealmModelUsers.swift in Sources */,
				18EEA37F2A6E7C7800355343 /* LoginButton.swift in Sources */,
				18B587922A6FB219002815B5 /* RecommendationViewController.swift in Sources */,
				18EEA39F2A6E8F2E00355343 /* AlertHelper.swift in Sources */,
				18EEA3A22A6E90DF00355343 /* LoginViewModel.swift in Sources */,
				189B64262A7159AC00EB89C2 /* HomeVCLabel.swift in Sources */,
				18EEA3B42A6EA65A00355343 /* HomeViewController.swift in Sources */,
				189B64242A7154BB00EB89C2 /* StaticHomeVC.swift in Sources */,
				189B64172A7128C100EB89C2 /* MyTabularClassifier.mlmodel in Sources */,
				189B641E2A7151A400EB89C2 /* Extension+String.swift in Sources */,
				18EEA39C2A6E8C2D00355343 /* RegisterViewModel.swift in Sources */,
				189B64212A71529000EB89C2 /* HomeViewModelML.swift in Sources */,
				18789EDE2A6E6044007BEEC2 /* AppDelegate.swift in Sources */,
				18B5878C2A6EC96C002815B5 /* InterestCollectionViewCell.swift in Sources */,
				18789EE02A6E6044007BEEC2 /* SceneDelegate.swift in Sources */,
				18EEA3962A6E856200355343 /* RegisterViewController.swift in Sources */,
				189B641B2A712D5500EB89C2 /* StarRatingView.swift in Sources */,
				18EEA3B62A6EB7F000355343 /* RealmLoginViewModel.swift in Sources */,
				18EEA3992A6E881000355343 /* RegisterUILabel.swift in Sources */,
				18EEA3852A6E7F3300355343 /* ImageBall.swift in Sources */,
				18EEA3812A6E7C8B00355343 /* LoginAndPasswordTextField.swift in Sources */,
				18789EF62A6E6751007BEEC2 /* LoginVC.swift in Sources */,
				18EEA3B12A6EA5B000355343 /* RealmRegisterViewModel.swift in Sources */,
			);
			runOnlyForDeploymentPostprocessing = 0;
		};
/* End PBXSourcesBuildPhase section */

/* Begin PBXVariantGroup section */
		18789EE82A6E6045007BEEC2 /* LaunchScreen.storyboard */ = {
			isa = PBXVariantGroup;
			children = (
				18789EE92A6E6045007BEEC2 /* Base */,
			);
			name = LaunchScreen.storyboard;
			sourceTree = "<group>";
		};
/* End PBXVariantGroup section */

/* Begin XCBuildConfiguration section */
		18789EEC2A6E6045007BEEC2 /* Debug */ = {
			isa = XCBuildConfiguration;
			buildSettings = {
				ALWAYS_SEARCH_USER_PATHS = NO;
				CLANG_ANALYZER_NONNULL = YES;
				CLANG_ANALYZER_NUMBER_OBJECT_CONVERSION = YES_AGGRESSIVE;
				CLANG_CXX_LANGUAGE_STANDARD = "gnu++20";
				CLANG_ENABLE_MODULES = YES;
				CLANG_ENABLE_OBJC_ARC = YES;
				CLANG_ENABLE_OBJC_WEAK = YES;
				CLANG_WARN_BLOCK_CAPTURE_AUTORELEASING = YES;
				CLANG_WARN_BOOL_CONVERSION = YES;
				CLANG_WARN_COMMA = YES;
				CLANG_WARN_CONSTANT_CONVERSION = YES;
				CLANG_WARN_DEPRECATED_OBJC_IMPLEMENTATIONS = YES;
				CLANG_WARN_DIRECT_OBJC_ISA_USAGE = YES_ERROR;
				CLANG_WARN_DOCUMENTATION_COMMENTS = YES;
				CLANG_WARN_EMPTY_BODY = YES;
				CLANG_WARN_ENUM_CONVERSION = YES;
				CLANG_WARN_INFINITE_RECURSION = YES;
				CLANG_WARN_INT_CONVERSION = YES;
				CLANG_WARN_NON_LITERAL_NULL_CONVERSION = YES;
				CLANG_WARN_OBJC_IMPLICIT_RETAIN_SELF = YES;
				CLANG_WARN_OBJC_LITERAL_CONVERSION = YES;
				CLANG_WARN_OBJC_ROOT_CLASS = YES_ERROR;
				CLANG_WARN_QUOTED_INCLUDE_IN_FRAMEWORK_HEADER = YES;
				CLANG_WARN_RANGE_LOOP_ANALYSIS = YES;
				CLANG_WARN_STRICT_PROTOTYPES = YES;
				CLANG_WARN_SUSPICIOUS_MOVE = YES;
				CLANG_WARN_UNGUARDED_AVAILABILITY = YES_AGGRESSIVE;
				CLANG_WARN_UNREACHABLE_CODE = YES;
				CLANG_WARN__DUPLICATE_METHOD_MATCH = YES;
				COPY_PHASE_STRIP = NO;
				DEBUG_INFORMATION_FORMAT = dwarf;
				ENABLE_STRICT_OBJC_MSGSEND = YES;
				ENABLE_TESTABILITY = YES;
				GCC_C_LANGUAGE_STANDARD = gnu11;
				GCC_DYNAMIC_NO_PIC = NO;
				GCC_NO_COMMON_BLOCKS = YES;
				GCC_OPTIMIZATION_LEVEL = 0;
				GCC_PREPROCESSOR_DEFINITIONS = (
					"DEBUG=1",
					"$(inherited)",
				);
				GCC_WARN_64_TO_32_BIT_CONVERSION = YES;
				GCC_WARN_ABOUT_RETURN_TYPE = YES_ERROR;
				GCC_WARN_UNDECLARED_SELECTOR = YES;
				GCC_WARN_UNINITIALIZED_AUTOS = YES_AGGRESSIVE;
				GCC_WARN_UNUSED_FUNCTION = YES;
				GCC_WARN_UNUSED_VARIABLE = YES;
				IPHONEOS_DEPLOYMENT_TARGET = 16.4;
				MTL_ENABLE_DEBUG_INFO = INCLUDE_SOURCE;
				MTL_FAST_MATH = YES;
				ONLY_ACTIVE_ARCH = YES;
				SDKROOT = iphoneos;
				SWIFT_ACTIVE_COMPILATION_CONDITIONS = DEBUG;
				SWIFT_OPTIMIZATION_LEVEL = "-Onone";
			};
			name = Debug;
		};
		18789EED2A6E6045007BEEC2 /* Release */ = {
			isa = XCBuildConfiguration;
			buildSettings = {
				ALWAYS_SEARCH_USER_PATHS = NO;
				CLANG_ANALYZER_NONNULL = YES;
				CLANG_ANALYZER_NUMBER_OBJECT_CONVERSION = YES_AGGRESSIVE;
				CLANG_CXX_LANGUAGE_STANDARD = "gnu++20";
				CLANG_ENABLE_MODULES = YES;
				CLANG_ENABLE_OBJC_ARC = YES;
				CLANG_ENABLE_OBJC_WEAK = YES;
				CLANG_WARN_BLOCK_CAPTURE_AUTORELEASING = YES;
				CLANG_WARN_BOOL_CONVERSION = YES;
				CLANG_WARN_COMMA = YES;
				CLANG_WARN_CONSTANT_CONVERSION = YES;
				CLANG_WARN_DEPRECATED_OBJC_IMPLEMENTATIONS = YES;
				CLANG_WARN_DIRECT_OBJC_ISA_USAGE = YES_ERROR;
				CLANG_WARN_DOCUMENTATION_COMMENTS = YES;
				CLANG_WARN_EMPTY_BODY = YES;
				CLANG_WARN_ENUM_CONVERSION = YES;
				CLANG_WARN_INFINITE_RECURSION = YES;
				CLANG_WARN_INT_CONVERSION = YES;
				CLANG_WARN_NON_LITERAL_NULL_CONVERSION = YES;
				CLANG_WARN_OBJC_IMPLICIT_RETAIN_SELF = YES;
				CLANG_WARN_OBJC_LITERAL_CONVERSION = YES;
				CLANG_WARN_OBJC_ROOT_CLASS = YES_ERROR;
				CLANG_WARN_QUOTED_INCLUDE_IN_FRAMEWORK_HEADER = YES;
				CLANG_WARN_RANGE_LOOP_ANALYSIS = YES;
				CLANG_WARN_STRICT_PROTOTYPES = YES;
				CLANG_WARN_SUSPICIOUS_MOVE = YES;
				CLANG_WARN_UNGUARDED_AVAILABILITY = YES_AGGRESSIVE;
				CLANG_WARN_UNREACHABLE_CODE = YES;
				CLANG_WARN__DUPLICATE_METHOD_MATCH = YES;
				COPY_PHASE_STRIP = NO;
				DEBUG_INFORMATION_FORMAT = "dwarf-with-dsym";
				ENABLE_NS_ASSERTIONS = NO;
				ENABLE_STRICT_OBJC_MSGSEND = YES;
				GCC_C_LANGUAGE_STANDARD = gnu11;
				GCC_NO_COMMON_BLOCKS = YES;
				GCC_WARN_64_TO_32_BIT_CONVERSION = YES;
				GCC_WARN_ABOUT_RETURN_TYPE = YES_ERROR;
				GCC_WARN_UNDECLARED_SELECTOR = YES;
				GCC_WARN_UNINITIALIZED_AUTOS = YES_AGGRESSIVE;
				GCC_WARN_UNUSED_FUNCTION = YES;
				GCC_WARN_UNUSED_VARIABLE = YES;
				IPHONEOS_DEPLOYMENT_TARGET = 16.4;
				MTL_ENABLE_DEBUG_INFO = NO;
				MTL_FAST_MATH = YES;
				SDKROOT = iphoneos;
				SWIFT_COMPILATION_MODE = wholemodule;
				SWIFT_OPTIMIZATION_LEVEL = "-O";
				VALIDATE_PRODUCT = YES;
			};
			name = Release;
		};
		18789EEF2A6E6045007BEEC2 /* Debug */ = {
			isa = XCBuildConfiguration;
			buildSettings = {
				ASSETCATALOG_COMPILER_APPICON_NAME = AppIcon;
				ASSETCATALOG_COMPILER_GLOBAL_ACCENT_COLOR_NAME = AccentColor;
				CODE_SIGN_STYLE = Automatic;
				CURRENT_PROJECT_VERSION = 1;
				GENERATE_INFOPLIST_FILE = YES;
				INFOPLIST_FILE = TravelWise/Info.plist;
				INFOPLIST_KEY_UIApplicationSupportsIndirectInputEvents = YES;
				INFOPLIST_KEY_UILaunchStoryboardName = LaunchScreen;
				INFOPLIST_KEY_UISupportedInterfaceOrientations = UIInterfaceOrientationPortrait;
				IPHONEOS_DEPLOYMENT_TARGET = 16.0;
				LD_RUNPATH_SEARCH_PATHS = (
					"$(inherited)",
					"@executable_path/Frameworks",
				);
				MARKETING_VERSION = 1.0;
				PRODUCT_BUNDLE_IDENTIFIER = team.TravelWise;
				PRODUCT_NAME = "$(TARGET_NAME)";
				SUPPORTED_PLATFORMS = "iphoneos iphonesimulator";
				SUPPORTS_MACCATALYST = NO;
				SUPPORTS_MAC_DESIGNED_FOR_IPHONE_IPAD = NO;
				SWIFT_EMIT_LOC_STRINGS = YES;
				SWIFT_VERSION = 5.0;
				TARGETED_DEVICE_FAMILY = "1,2";
			};
			name = Debug;
		};
		18789EF02A6E6045007BEEC2 /* Release */ = {
			isa = XCBuildConfiguration;
			buildSettings = {
				ASSETCATALOG_COMPILER_APPICON_NAME = AppIcon;
				ASSETCATALOG_COMPILER_GLOBAL_ACCENT_COLOR_NAME = AccentColor;
				CODE_SIGN_STYLE = Automatic;
				CURRENT_PROJECT_VERSION = 1;
				GENERATE_INFOPLIST_FILE = YES;
				INFOPLIST_FILE = TravelWise/Info.plist;
				INFOPLIST_KEY_UIApplicationSupportsIndirectInputEvents = YES;
				INFOPLIST_KEY_UILaunchStoryboardName = LaunchScreen;
				INFOPLIST_KEY_UISupportedInterfaceOrientations = UIInterfaceOrientationPortrait;
				IPHONEOS_DEPLOYMENT_TARGET = 16.0;
				LD_RUNPATH_SEARCH_PATHS = (
					"$(inherited)",
					"@executable_path/Frameworks",
				);
				MARKETING_VERSION = 1.0;
				PRODUCT_BUNDLE_IDENTIFIER = team.TravelWise;
				PRODUCT_NAME = "$(TARGET_NAME)";
				SUPPORTED_PLATFORMS = "iphoneos iphonesimulator";
				SUPPORTS_MACCATALYST = NO;
				SUPPORTS_MAC_DESIGNED_FOR_IPHONE_IPAD = NO;
				SWIFT_EMIT_LOC_STRINGS = YES;
				SWIFT_VERSION = 5.0;
				TARGETED_DEVICE_FAMILY = "1,2";
			};
			name = Release;
		};
/* End XCBuildConfiguration section */

/* Begin XCConfigurationList section */
		18789ED52A6E6044007BEEC2 /* Build configuration list for PBXProject "TravelWise" */ = {
			isa = XCConfigurationList;
			buildConfigurations = (
				18789EEC2A6E6045007BEEC2 /* Debug */,
				18789EED2A6E6045007BEEC2 /* Release */,
			);
			defaultConfigurationIsVisible = 0;
			defaultConfigurationName = Release;
		};
		18789EEE2A6E6045007BEEC2 /* Build configuration list for PBXNativeTarget "TravelWise" */ = {
			isa = XCConfigurationList;
			buildConfigurations = (
				18789EEF2A6E6045007BEEC2 /* Debug */,
				18789EF02A6E6045007BEEC2 /* Release */,
			);
			defaultConfigurationIsVisible = 0;
			defaultConfigurationName = Release;
		};
/* End XCConfigurationList section */

/* Begin XCRemoteSwiftPackageReference section */
		18B5878D2A6FAE34002815B5 /* XCRemoteSwiftPackageReference "MultiSlider" */ = {
			isa = XCRemoteSwiftPackageReference;
			repositoryURL = "https://github.com/yonat/MultiSlider.git";
			requirement = {
				kind = upToNextMajorVersion;
				minimumVersion = 2.0.0;
			};
		};
		18EEA3A72A6E9F2F00355343 /* XCRemoteSwiftPackageReference "realm-swift" */ = {
			isa = XCRemoteSwiftPackageReference;
			repositoryURL = "https://github.com/realm/realm-swift.git";
			requirement = {
				branch = master;
				kind = branch;
			};
		};
/* End XCRemoteSwiftPackageReference section */

/* Begin XCSwiftPackageProductDependency section */
		18B5878E2A6FAE34002815B5 /* MultiSlider */ = {
			isa = XCSwiftPackageProductDependency;
			package = 18B5878D2A6FAE34002815B5 /* XCRemoteSwiftPackageReference "MultiSlider" */;
			productName = MultiSlider;
		};
		18EEA3A82A6E9F2F00355343 /* Realm */ = {
			isa = XCSwiftPackageProductDependency;
			package = 18EEA3A72A6E9F2F00355343 /* XCRemoteSwiftPackageReference "realm-swift" */;
			productName = Realm;
		};
		18EEA3AA2A6E9F2F00355343 /* RealmSwift */ = {
			isa = XCSwiftPackageProductDependency;
			package = 18EEA3A72A6E9F2F00355343 /* XCRemoteSwiftPackageReference "realm-swift" */;
			productName = RealmSwift;
		};
/* End XCSwiftPackageProductDependency section */
	};
	rootObject = 18789ED22A6E6044007BEEC2 /* Project object */;
}
